
Microsoft Visual Studio Solution File, Format Version 12.00
# Visual Studio Version 17
VisualStudioVersion = 17.0.31903.59
MinimumVisualStudioVersion = 10.0.40219.1
Project("{FAE04EC0-301F-11D3-BF4B-00C04F79EFBC}") = "Client", "Client\Client.csproj", "{176E0AFD-C877-4040-9796-C92A35095CA1}"
EndProject
Project("{FAE04EC0-301F-11D3-BF4B-00C04F79EFBC}") = "Domain", "Domain\Domain.csproj", "{26A6D350-83CA-4425-92BC-1227833183C5}"
EndProject
Project("{FAE04EC0-301F-11D3-BF4B-00C04F79EFBC}") = "Persistance", "Persistance\Persistance.csproj", "{CAF21A88-C618-4FCA-88DB-3ED657B5AF4E}"
EndProject
Project("{FAE04EC0-301F-11D3-BF4B-00C04F79EFBC}") = "Application", "Application\Application.csproj", "{AC98D229-FAE5-401B-AACC-FA5B45EF33EF}"
EndProject
Global
	GlobalSection(SolutionConfigurationPlatforms) = preSolution
		Debug|Any CPU = Debug|Any CPU
		Debug|x64 = Debug|x64
		Debug|x86 = Debug|x86
		Release|Any CPU = Release|Any CPU
		Release|x64 = Release|x64
		Release|x86 = Release|x86
	EndGlobalSection
	GlobalSection(ProjectConfigurationPlatforms) = postSolution
		{176E0AFD-C877-4040-9796-C92A35095CA1}.Debug|Any CPU.ActiveCfg = Debug|Any CPU
		{176E0AFD-C877-4040-9796-C92A35095CA1}.Debug|Any CPU.Build.0 = Debug|Any CPU
		{176E0AFD-C877-4040-9796-C92A35095CA1}.Debug|x64.ActiveCfg = Debug|Any CPU
		{176E0AFD-C877-4040-9796-C92A35095CA1}.Debug|x64.Build.0 = Debug|Any CPU
		{176E0AFD-C877-4040-9796-C92A35095CA1}.Debug|x86.ActiveCfg = Debug|Any CPU
		{176E0AFD-C877-4040-9796-C92A35095CA1}.Debug|x86.Build.0 = Debug|Any CPU
		{176E0AFD-C877-4040-9796-C92A35095CA1}.Release|Any CPU.ActiveCfg = Release|Any CPU
		{176E0AFD-C877-4040-9796-C92A35095CA1}.Release|Any CPU.Build.0 = Release|Any CPU
		{176E0AFD-C877-4040-9796-C92A35095CA1}.Release|x64.ActiveCfg = Release|Any CPU
		{176E0AFD-C877-4040-9796-C92A35095CA1}.Release|x64.Build.0 = Release|Any CPU
		{176E0AFD-C877-4040-9796-C92A35095CA1}.Release|x86.ActiveCfg = Release|Any CPU
		{176E0AFD-C877-4040-9796-C92A35095CA1}.Release|x86.Build.0 = Release|Any CPU
		{26A6D350-83CA-4425-92BC-1227833183C5}.Debug|Any CPU.ActiveCfg = Debug|Any CPU
		{26A6D350-83CA-4425-92BC-1227833183C5}.Debug|Any CPU.Build.0 = Debug|Any CPU
		{26A6D350-83CA-4425-92BC-1227833183C5}.Debug|x64.ActiveCfg = Debug|Any CPU
		{26A6D350-83CA-4425-92BC-1227833183C5}.Debug|x64.Build.0 = Debug|Any CPU
		{26A6D350-83CA-4425-92BC-1227833183C5}.Debug|x86.ActiveCfg = Debug|Any CPU
		{26A6D350-83CA-4425-92BC-1227833183C5}.Debug|x86.Build.0 = Debug|Any CPU
		{26A6D350-83CA-4425-92BC-1227833183C5}.Release|Any CPU.ActiveCfg = Release|Any CPU
		{26A6D350-83CA-4425-92BC-1227833183C5}.Release|Any CPU.Build.0 = Release|Any CPU
		{26A6D350-83CA-4425-92BC-1227833183C5}.Release|x64.ActiveCfg = Release|Any CPU
		{26A6D350-83CA-4425-92BC-1227833183C5}.Release|x64.Build.0 = Release|Any CPU
		{26A6D350-83CA-4425-92BC-1227833183C5}.Release|x86.ActiveCfg = Release|Any CPU
		{26A6D350-83CA-4425-92BC-1227833183C5}.Release|x86.Build.0 = Release|Any CPU
		{CAF21A88-C618-4FCA-88DB-3ED657B5AF4E}.Debug|Any CPU.ActiveCfg = Debug|Any CPU
		{CAF21A88-C618-4FCA-88DB-3ED657B5AF4E}.Debug|Any CPU.Build.0 = Debug|Any CPU
		{CAF21A88-C618-4FCA-88DB-3ED657B5AF4E}.Debug|x64.ActiveCfg = Debug|Any CPU
		{CAF21A88-C618-4FCA-88DB-3ED657B5AF4E}.Debug|x64.Build.0 = Debug|Any CPU
		{CAF21A88-C618-4FCA-88DB-3ED657B5AF4E}.Debug|x86.ActiveCfg = Debug|Any CPU
		{CAF21A88-C618-4FCA-88DB-3ED657B5AF4E}.Debug|x86.Build.0 = Debug|Any CPU
		{CAF21A88-C618-4FCA-88DB-3ED657B5AF4E}.Release|Any CPU.ActiveCfg = Release|Any CPU
		{CAF21A88-C618-4FCA-88DB-3ED657B5AF4E}.Release|Any CPU.Build.0 = Release|Any CPU
		{CAF21A88-C618-4FCA-88DB-3ED657B5AF4E}.Release|x64.ActiveCfg = Release|Any CPU
		{CAF21A88-C618-4FCA-88DB-3ED657B5AF4E}.Release|x64.Build.0 = Release|Any CPU
		{CAF21A88-C618-4FCA-88DB-3ED657B5AF4E}.Release|x86.ActiveCfg = Release|Any CPU
		{CAF21A88-C618-4FCA-88DB-3ED657B5AF4E}.Release|x86.Build.0 = Release|Any CPU
		{AC98D229-FAE5-401B-AACC-FA5B45EF33EF}.Debug|Any CPU.ActiveCfg = Debug|Any CPU
		{AC98D229-FAE5-401B-AACC-FA5B45EF33EF}.Debug|Any CPU.Build.0 = Debug|Any CPU
		{AC98D229-FAE5-401B-AACC-FA5B45EF33EF}.Debug|x64.ActiveCfg = Debug|Any CPU
		{AC98D229-FAE5-401B-AACC-FA5B45EF33EF}.Debug|x64.Build.0 = Debug|Any CPU
		{AC98D229-FAE5-401B-AACC-FA5B45EF33EF}.Debug|x86.ActiveCfg = Debug|Any CPU
		{AC98D229-FAE5-401B-AACC-FA5B45EF33EF}.Debug|x86.Build.0 = Debug|Any CPU
		{AC98D229-FAE5-401B-AACC-FA5B45EF33EF}.Release|Any CPU.ActiveCfg = Release|Any CPU
		{AC98D229-FAE5-401B-AACC-FA5B45EF33EF}.Release|Any CPU.Build.0 = Release|Any CPU
		{AC98D229-FAE5-401B-AACC-FA5B45EF33EF}.Release|x64.ActiveCfg = Release|Any CPU
		{AC98D229-FAE5-401B-AACC-FA5B45EF33EF}.Release|x64.Build.0 = Release|Any CPU
		{AC98D229-FAE5-401B-AACC-FA5B45EF33EF}.Release|x86.ActiveCfg = Release|Any CPU
		{AC98D229-FAE5-401B-AACC-FA5B45EF33EF}.Release|x86.Build.0 = Release|Any CPU
	EndGlobalSection
	GlobalSection(SolutionProperties) = preSolution
		HideSolutionNode = FALSE
	EndGlobalSection
EndGlobal
